
Microsoft Visual Studio Solution File, Format Version 12.00
# Visual Studio 14
VisualStudioVersion = 14.0.23107.0
MinimumVisualStudioVersion = 10.0.40219.1
Project("{FAE04EC0-301F-11D3-BF4B-00C04F79EFBC}") = "TmdbWrapperRT", "TmdbWrapperRT.csproj", "{553DFD31-C58A-4583-8765-23DA13A753E1}"
EndProject
Project("{FAE04EC0-301F-11D3-BF4B-00C04F79EFBC}") = "TmdbWrapper", "TmdbWrapper.csproj", "{73D732A9-4AA2-4BB8-BD34-7A70F170472D}"
EndProject
Project("{FAE04EC0-301F-11D3-BF4B-00C04F79EFBC}") = "TmdbWrapperTest", "..\TmdbWrapperTest\TmdbWrapperTest.csproj", "{23C8995A-5137-4549-8054-5C97ECFA1590}"
EndProject
Project("{FAE04EC0-301F-11D3-BF4B-00C04F79EFBC}") = "TmdbWrapperUniversal", "TmdbWrapperUniversal.csproj", "{D46D2C90-BC70-492B-A54F-9F70CBF59AB3}"
EndProject
Global
	GlobalSection(SolutionConfigurationPlatforms) = preSolution
		Debug|Any CPU = Debug|Any CPU
		Debug|ARM = Debug|ARM
		Debug|x64 = Debug|x64
		Debug|x86 = Debug|x86
		Release|Any CPU = Release|Any CPU
		Release|ARM = Release|ARM
		Release|x64 = Release|x64
		Release|x86 = Release|x86
	EndGlobalSection
	GlobalSection(ProjectConfigurationPlatforms) = postSolution
		{553DFD31-C58A-4583-8765-23DA13A753E1}.Debug|Any CPU.ActiveCfg = Debug|Any CPU
		{553DFD31-C58A-4583-8765-23DA13A753E1}.Debug|Any CPU.Build.0 = Debug|Any CPU
		{553DFD31-C58A-4583-8765-23DA13A753E1}.Debug|ARM.ActiveCfg = Debug|ARM
		{553DFD31-C58A-4583-8765-23DA13A753E1}.Debug|ARM.Build.0 = Debug|ARM
		{553DFD31-C58A-4583-8765-23DA13A753E1}.Debug|x64.ActiveCfg = Debug|x64
		{553DFD31-C58A-4583-8765-23DA13A753E1}.Debug|x64.Build.0 = Debug|x64
		{553DFD31-C58A-4583-8765-23DA13A753E1}.Debug|x86.ActiveCfg = Debug|x86
		{553DFD31-C58A-4583-8765-23DA13A753E1}.Debug|x86.Build.0 = Debug|x86
		{553DFD31-C58A-4583-8765-23DA13A753E1}.Release|Any CPU.ActiveCfg = Release|Any CPU
		{553DFD31-C58A-4583-8765-23DA13A753E1}.Release|Any CPU.Build.0 = Release|Any CPU
		{553DFD31-C58A-4583-8765-23DA13A753E1}.Release|ARM.ActiveCfg = Release|ARM
		{553DFD31-C58A-4583-8765-23DA13A753E1}.Release|ARM.Build.0 = Release|ARM
		{553DFD31-C58A-4583-8765-23DA13A753E1}.Release|x64.ActiveCfg = Release|x64
		{553DFD31-C58A-4583-8765-23DA13A753E1}.Release|x64.Build.0 = Release|x64
		{553DFD31-C58A-4583-8765-23DA13A753E1}.Release|x86.ActiveCfg = Release|x86
		{553DFD31-C58A-4583-8765-23DA13A753E1}.Release|x86.Build.0 = Release|x86
		{73D732A9-4AA2-4BB8-BD34-7A70F170472D}.Debug|Any CPU.ActiveCfg = Debug|Any CPU
		{73D732A9-4AA2-4BB8-BD34-7A70F170472D}.Debug|Any CPU.Build.0 = Debug|Any CPU
		{73D732A9-4AA2-4BB8-BD34-7A70F170472D}.Debug|ARM.ActiveCfg = Debug|Any CPU
		{73D732A9-4AA2-4BB8-BD34-7A70F170472D}.Debug|x64.ActiveCfg = Debug|Any CPU
		{73D732A9-4AA2-4BB8-BD34-7A70F170472D}.Debug|x86.ActiveCfg = Debug|Any CPU
		{73D732A9-4AA2-4BB8-BD34-7A70F170472D}.Release|Any CPU.ActiveCfg = Release|Any CPU
		{73D732A9-4AA2-4BB8-BD34-7A70F170472D}.Release|Any CPU.Build.0 = Release|Any CPU
		{73D732A9-4AA2-4BB8-BD34-7A70F170472D}.Release|ARM.ActiveCfg = Release|Any CPU
		{73D732A9-4AA2-4BB8-BD34-7A70F170472D}.Release|x64.ActiveCfg = Release|Any CPU
		{73D732A9-4AA2-4BB8-BD34-7A70F170472D}.Release|x86.ActiveCfg = Release|Any CPU
		{23C8995A-5137-4549-8054-5C97ECFA1590}.Debug|Any CPU.ActiveCfg = Debug|Any CPU
		{23C8995A-5137-4549-8054-5C97ECFA1590}.Debug|Any CPU.Build.0 = Debug|Any CPU
		{23C8995A-5137-4549-8054-5C97ECFA1590}.Debug|ARM.ActiveCfg = Debug|Any CPU
		{23C8995A-5137-4549-8054-5C97ECFA1590}.Debug|x64.ActiveCfg = Debug|Any CPU
		{23C8995A-5137-4549-8054-5C97ECFA1590}.Debug|x86.ActiveCfg = Debug|Any CPU
		{23C8995A-5137-4549-8054-5C97ECFA1590}.Release|Any CPU.ActiveCfg = Release|Any CPU
		{23C8995A-5137-4549-8054-5C97ECFA1590}.Release|Any CPU.Build.0 = Release|Any CPU
		{23C8995A-5137-4549-8054-5C97ECFA1590}.Release|ARM.ActiveCfg = Release|Any CPU
		{23C8995A-5137-4549-8054-5C97ECFA1590}.Release|x64.ActiveCfg = Release|Any CPU
		{23C8995A-5137-4549-8054-5C97ECFA1590}.Release|x86.ActiveCfg = Release|Any CPU
		{D46D2C90-BC70-492B-A54F-9F70CBF59AB3}.Debug|Any CPU.ActiveCfg = Debug|Any CPU
		{D46D2C90-BC70-492B-A54F-9F70CBF59AB3}.Debug|Any CPU.Build.0 = Debug|Any CPU
		{D46D2C90-BC70-492B-A54F-9F70CBF59AB3}.Debug|ARM.ActiveCfg = Debug|ARM
		{D46D2C90-BC70-492B-A54F-9F70CBF59AB3}.Debug|ARM.Build.0 = Debug|ARM
		{D46D2C90-BC70-492B-A54F-9F70CBF59AB3}.Debug|x64.ActiveCfg = Debug|x64
		{D46D2C90-BC70-492B-A54F-9F70CBF59AB3}.Debug|x64.Build.0 = Debug|x64
		{D46D2C90-BC70-492B-A54F-9F70CBF59AB3}.Debug|x86.ActiveCfg = Debug|x86
		{D46D2C90-BC70-492B-A54F-9F70CBF59AB3}.Debug|x86.Build.0 = Debug|x86
		{D46D2C90-BC70-492B-A54F-9F70CBF59AB3}.Release|Any CPU.ActiveCfg = Release|Any CPU
		{D46D2C90-BC70-492B-A54F-9F70CBF59AB3}.Release|Any CPU.Build.0 = Release|Any CPU
		{D46D2C90-BC70-492B-A54F-9F70CBF59AB3}.Release|ARM.ActiveCfg = Release|ARM
		{D46D2C90-BC70-492B-A54F-9F70CBF59AB3}.Release|ARM.Build.0 = Release|ARM
		{D46D2C90-BC70-492B-A54F-9F70CBF59AB3}.Release|x64.ActiveCfg = Release|x64
		{D46D2C90-BC70-492B-A54F-9F70CBF59AB3}.Release|x64.Build.0 = Release|x64
		{D46D2C90-BC70-492B-A54F-9F70CBF59AB3}.Release|x86.ActiveCfg = Release|x86
		{D46D2C90-BC70-492B-A54F-9F70CBF59AB3}.Release|x86.Build.0 = Release|x86
	EndGlobalSection
	GlobalSection(SolutionProperties) = preSolution
		HideSolutionNode = FALSE
	EndGlobalSection
EndGlobal
